# THIS IS AN AUTOGENERATED FILE. DO NOT EDIT THIS FILE DIRECTLY.
# yarn lockfile v1


angular-animate@^1.6.6:
  version "1.6.6"
  resolved "https://registry.yarnpkg.com/angular-animate/-/angular-animate-1.6.6.tgz#6925647b141a040d241bf125040f1a150fcd8a70"

angular-aria@^1.6.6:
  version "1.6.6"
  resolved "https://registry.yarnpkg.com/angular-aria/-/angular-aria-1.6.6.tgz#58dd748e09564bc8409f739bde57b35fbee5b6a5"

angular-google-chart@1.0.0-beta.1:
  version "1.0.0-beta.1"
  resolved "https://registry.yarnpkg.com/angular-google-chart/-/angular-google-chart-1.0.0-beta.1.tgz#d436d7f5556d52f4c82727b266e5f325cf1e0c54"
  dependencies:
    angular ">1.2.9"

angular-material@^1.1.5:
  version "1.1.5"
  resolved "https://registry.yarnpkg.com/angular-material/-/angular-material-1.1.5.tgz#a5450cd8205e15a7691edc389476094cf86d592b"

angular@>1.2.9, angular@^1.6.6:
  version "1.6.6"
  resolved "https://registry.yarnpkg.com/angular/-/angular-1.6.6.tgz#fd5a3cfb437ce382d854ee01120797978527cb64"
